langcode: da
status: true
dependencies:
  module:
    - bc_2movepeople_dashboard
  theme:
    - site
id: navigationblock
theme: site
region: sidebar_left__desktop
weight: -4
provider: null
plugin: navigation_block
settings:
  id: navigation_block
  label: 'Navigation block'
  provider: bc_2movepeople
  label_display: '0'
visibility: {  }
